// !$*UTF8*$!
{
	archiveVersion = 1;
	classes = {
	};
	objectVersion = 56;
	objects = {

/* Begin PBXBuildFile section */
		ECC9BEBA2A5C413B00C8BFB5 /* AppDelegate.swift in Sources */ = {isa = PBXBuildFile; fileRef = ECC9BEB92A5C413B00C8BFB5 /* AppDelegate.swift */; };
		ECC9BEBC2A5C413B00C8BFB5 /* SceneDelegate.swift in Sources */ = {isa = PBXBuildFile; fileRef = ECC9BEBB2A5C413B00C8BFB5 /* SceneDelegate.swift */; };
		ECC9BEBE2A5C413B00C8BFB5 /* MainTabBarVC.swift in Sources */ = {isa = PBXBuildFile; fileRef = ECC9BEBD2A5C413B00C8BFB5 /* MainTabBarVC.swift */; };
		ECC9BEC32A5C413D00C8BFB5 /* Assets.xcassets in Resources */ = {isa = PBXBuildFile; fileRef = ECC9BEC22A5C413D00C8BFB5 /* Assets.xcassets */; };
		ECC9BEC62A5C413D00C8BFB5 /* LaunchScreen.storyboard in Resources */ = {isa = PBXBuildFile; fileRef = ECC9BEC42A5C413D00C8BFB5 /* LaunchScreen.storyboard */; };
		ECC9BED12A5C53B900C8BFB5 /* HomeVC.swift in Sources */ = {isa = PBXBuildFile; fileRef = ECC9BED02A5C53B900C8BFB5 /* HomeVC.swift */; };
		ECC9BED32A5C53C600C8BFB5 /* UpcomingVC.swift in Sources */ = {isa = PBXBuildFile; fileRef = ECC9BED22A5C53C600C8BFB5 /* UpcomingVC.swift */; };
		ECC9BED52A5C53D200C8BFB5 /* SearchVC.swift in Sources */ = {isa = PBXBuildFile; fileRef = ECC9BED42A5C53D200C8BFB5 /* SearchVC.swift */; };
		ECC9BED72A5C53E600C8BFB5 /* DownloadsVC.swift in Sources */ = {isa = PBXBuildFile; fileRef = ECC9BED62A5C53E600C8BFB5 /* DownloadsVC.swift */; };
		ECC9BEDE2A5C758F00C8BFB5 /* CollectionViewTableViewCell.swift in Sources */ = {isa = PBXBuildFile; fileRef = ECC9BEDD2A5C758F00C8BFB5 /* CollectionViewTableViewCell.swift */; };
		ECC9BEE02A5C84C800C8BFB5 /* HeroHeaderView.swift in Sources */ = {isa = PBXBuildFile; fileRef = ECC9BEDF2A5C84C800C8BFB5 /* HeroHeaderView.swift */; };
		ECC9BEE62A5D50EE00C8BFB5 /* UIView+Ext.swift in Sources */ = {isa = PBXBuildFile; fileRef = ECC9BEE52A5D50EE00C8BFB5 /* UIView+Ext.swift */; };
		ECC9BEE92A5D552A00C8BFB5 /* SnapKit in Frameworks */ = {isa = PBXBuildFile; productRef = ECC9BEE82A5D552A00C8BFB5 /* SnapKit */; };
		ECC9BEEC2A5DEC4000C8BFB5 /* Constants.swift in Sources */ = {isa = PBXBuildFile; fileRef = ECC9BEEB2A5DEC3F00C8BFB5 /* Constants.swift */; };
/* End PBXBuildFile section */

/* Begin PBXFileReference section */
		ECC9BEB62A5C413B00C8BFB5 /* NetflixApp.app */ = {isa = PBXFileReference; explicitFileType = wrapper.application; includeInIndex = 0; path = NetflixApp.app; sourceTree = BUILT_PRODUCTS_DIR; };
		ECC9BEB92A5C413B00C8BFB5 /* AppDelegate.swift */ = {isa = PBXFileReference; lastKnownFileType = sourcecode.swift; path = AppDelegate.swift; sourceTree = "<group>"; };
		ECC9BEBB2A5C413B00C8BFB5 /* SceneDelegate.swift */ = {isa = PBXFileReference; lastKnownFileType = sourcecode.swift; path = SceneDelegate.swift; sourceTree = "<group>"; };
		ECC9BEBD2A5C413B00C8BFB5 /* MainTabBarVC.swift */ = {isa = PBXFileReference; lastKnownFileType = sourcecode.swift; path = MainTabBarVC.swift; sourceTree = "<group>"; };
		ECC9BEC22A5C413D00C8BFB5 /* Assets.xcassets */ = {isa = PBXFileReference; lastKnownFileType = folder.assetcatalog; path = Assets.xcassets; sourceTree = "<group>"; };
		ECC9BEC52A5C413D00C8BFB5 /* Base */ = {isa = PBXFileReference; lastKnownFileType = file.storyboard; name = Base; path = Base.lproj/LaunchScreen.storyboard; sourceTree = "<group>"; };
		ECC9BEC72A5C413D00C8BFB5 /* Info.plist */ = {isa = PBXFileReference; lastKnownFileType = text.plist.xml; path = Info.plist; sourceTree = "<group>"; };
		ECC9BED02A5C53B900C8BFB5 /* HomeVC.swift */ = {isa = PBXFileReference; lastKnownFileType = sourcecode.swift; path = HomeVC.swift; sourceTree = "<group>"; };
		ECC9BED22A5C53C600C8BFB5 /* UpcomingVC.swift */ = {isa = PBXFileReference; lastKnownFileType = sourcecode.swift; path = UpcomingVC.swift; sourceTree = "<group>"; };
		ECC9BED42A5C53D200C8BFB5 /* SearchVC.swift */ = {isa = PBXFileReference; lastKnownFileType = sourcecode.swift; path = SearchVC.swift; sourceTree = "<group>"; };
		ECC9BED62A5C53E600C8BFB5 /* DownloadsVC.swift */ = {isa = PBXFileReference; lastKnownFileType = sourcecode.swift; path = DownloadsVC.swift; sourceTree = "<group>"; };
		ECC9BEDD2A5C758F00C8BFB5 /* CollectionViewTableViewCell.swift */ = {isa = PBXFileReference; lastKnownFileType = sourcecode.swift; path = CollectionViewTableViewCell.swift; sourceTree = "<group>"; };
		ECC9BEDF2A5C84C800C8BFB5 /* HeroHeaderView.swift */ = {isa = PBXFileReference; lastKnownFileType = sourcecode.swift; path = HeroHeaderView.swift; sourceTree = "<group>"; };
		ECC9BEE52A5D50EE00C8BFB5 /* UIView+Ext.swift */ = {isa = PBXFileReference; lastKnownFileType = sourcecode.swift; path = "UIView+Ext.swift"; sourceTree = "<group>"; };
		ECC9BEEB2A5DEC3F00C8BFB5 /* Constants.swift */ = {isa = PBXFileReference; lastKnownFileType = sourcecode.swift; path = Constants.swift; sourceTree = "<group>"; };
/* End PBXFileReference section */

/* Begin PBXFrameworksBuildPhase section */
		ECC9BEB32A5C413B00C8BFB5 /* Frameworks */ = {
			isa = PBXFrameworksBuildPhase;
			buildActionMask = 2147483647;
			files = (
				ECC9BEE92A5D552A00C8BFB5 /* SnapKit in Frameworks */,
			);
			runOnlyForDeploymentPostprocessing = 0;
		};
/* End PBXFrameworksBuildPhase section */

/* Begin PBXGroup section */
		ECC9BEAD2A5C413B00C8BFB5 = {
			isa = PBXGroup;
			children = (
				ECC9BEB82A5C413B00C8BFB5 /* NetflixApp */,
				ECC9BEB72A5C413B00C8BFB5 /* Products */,
			);
			sourceTree = "<group>";
		};
		ECC9BEB72A5C413B00C8BFB5 /* Products */ = {
			isa = PBXGroup;
			children = (
				ECC9BEB62A5C413B00C8BFB5 /* NetflixApp.app */,
			);
			name = Products;
			sourceTree = "<group>";
		};
		ECC9BEB82A5C413B00C8BFB5 /* NetflixApp */ = {
			isa = PBXGroup;
			children = (
				ECC9BECD2A5C531C00C8BFB5 /* Support */,
				ECC9BEE12A5D463500C8BFB5 /* Utils */,
				ECC9BECE2A5C533E00C8BFB5 /* Features */,
			);
			path = NetflixApp;
			sourceTree = "<group>";
		};
		ECC9BECD2A5C531C00C8BFB5 /* Support */ = {
			isa = PBXGroup;
			children = (
				ECC9BEB92A5C413B00C8BFB5 /* AppDelegate.swift */,
				ECC9BEBB2A5C413B00C8BFB5 /* SceneDelegate.swift */,
				ECC9BEC22A5C413D00C8BFB5 /* Assets.xcassets */,
				ECC9BEC42A5C413D00C8BFB5 /* LaunchScreen.storyboard */,
				ECC9BEC72A5C413D00C8BFB5 /* Info.plist */,
			);
			path = Support;
			sourceTree = "<group>";
		};
		ECC9BECE2A5C533E00C8BFB5 /* Features */ = {
			isa = PBXGroup;
			children = (
				ECC9BEDB2A5C742400C8BFB5 /* Manager */,
				ECC9BEDA2A5C740400C8BFB5 /* Models */,
				ECC9BED92A5C73FE00C8BFB5 /* Views */,
				ECC9BED82A5C73F200C8BFB5 /* ViewModels */,
				ECC9BECF2A5C536C00C8BFB5 /* Controllers */,
			);
			path = Features;
			sourceTree = "<group>";
		};
		ECC9BECF2A5C536C00C8BFB5 /* Controllers */ = {
			isa = PBXGroup;
			children = (
				ECC9BEDC2A5C743500C8BFB5 /* TabBar */,
				ECC9BED02A5C53B900C8BFB5 /* HomeVC.swift */,
				ECC9BED22A5C53C600C8BFB5 /* UpcomingVC.swift */,
				ECC9BED42A5C53D200C8BFB5 /* SearchVC.swift */,
				ECC9BED62A5C53E600C8BFB5 /* DownloadsVC.swift */,
			);
			path = Controllers;
			sourceTree = "<group>";
		};
		ECC9BED82A5C73F200C8BFB5 /* ViewModels */ = {
			isa = PBXGroup;
			children = (
			);
			path = ViewModels;
			sourceTree = "<group>";
		};
		ECC9BED92A5C73FE00C8BFB5 /* Views */ = {
			isa = PBXGroup;
			children = (
				ECC9BEDD2A5C758F00C8BFB5 /* CollectionViewTableViewCell.swift */,
				ECC9BEDF2A5C84C800C8BFB5 /* HeroHeaderView.swift */,
			);
			path = Views;
			sourceTree = "<group>";
		};
		ECC9BEDA2A5C740400C8BFB5 /* Models */ = {
			isa = PBXGroup;
			children = (
			);
			path = Models;
			sourceTree = "<group>";
		};
		ECC9BEDB2A5C742400C8BFB5 /* Manager */ = {
			isa = PBXGroup;
			children = (
			);
			path = Manager;
			sourceTree = "<group>";
		};
		ECC9BEDC2A5C743500C8BFB5 /* TabBar */ = {
			isa = PBXGroup;
			children = (
				ECC9BEBD2A5C413B00C8BFB5 /* MainTabBarVC.swift */,
			);
			path = TabBar;
			sourceTree = "<group>";
		};
		ECC9BEE12A5D463500C8BFB5 /* Utils */ = {
			isa = PBXGroup;
			children = (
				ECC9BEEA2A5DEC3200C8BFB5 /* Enums */,
				ECC9BEE42A5D50BD00C8BFB5 /* Extensions */,
				ECC9BEE22A5D464000C8BFB5 /* Components */,
			);
			path = Utils;
			sourceTree = "<group>";
		};
		ECC9BEE22A5D464000C8BFB5 /* Components */ = {
			isa = PBXGroup;
			children = (
				ECC9BEE32A5D465B00C8BFB5 /* Button */,
			);
			path = Components;
			sourceTree = "<group>";
		};
		ECC9BEE32A5D465B00C8BFB5 /* Button */ = {
			isa = PBXGroup;
			children = (
			);
			path = Button;
			sourceTree = "<group>";
		};
		ECC9BEE42A5D50BD00C8BFB5 /* Extensions */ = {
			isa = PBXGroup;
			children = (
				ECC9BEE52A5D50EE00C8BFB5 /* UIView+Ext.swift */,
			);
			path = Extensions;
			sourceTree = "<group>";
		};
		ECC9BEEA2A5DEC3200C8BFB5 /* Enums */ = {
			isa = PBXGroup;
			children = (
				ECC9BEEB2A5DEC3F00C8BFB5 /* Constants.swift */,
			);
			path = Enums;
			sourceTree = "<group>";
		};
/* End PBXGroup section */

/* Begin PBXNativeTarget section */
		ECC9BEB52A5C413B00C8BFB5 /* NetflixApp */ = {
			isa = PBXNativeTarget;
			buildConfigurationList = ECC9BECA2A5C413D00C8BFB5 /* Build configuration list for PBXNativeTarget "NetflixApp" */;
			buildPhases = (
				ECC9BEB22A5C413B00C8BFB5 /* Sources */,
				ECC9BEB32A5C413B00C8BFB5 /* Frameworks */,
				ECC9BEB42A5C413B00C8BFB5 /* Resources */,
			);
			buildRules = (
			);
			dependencies = (
			);
			name = NetflixApp;
			packageProductDependencies = (
				ECC9BEE82A5D552A00C8BFB5 /* SnapKit */,
			);
			productName = NetflixApp;
			productReference = ECC9BEB62A5C413B00C8BFB5 /* NetflixApp.app */;
			productType = "com.apple.product-type.application";
		};
/* End PBXNativeTarget section */

/* Begin PBXProject section */
		ECC9BEAE2A5C413B00C8BFB5 /* Project object */ = {
			isa = PBXProject;
			attributes = {
				BuildIndependentTargetsInParallel = 1;
				LastSwiftUpdateCheck = 1410;
				LastUpgradeCheck = 1410;
				TargetAttributes = {
					ECC9BEB52A5C413B00C8BFB5 = {
						CreatedOnToolsVersion = 14.1;
					};
				};
			};
			buildConfigurationList = ECC9BEB12A5C413B00C8BFB5 /* Build configuration list for PBXProject "NetflixApp" */;
			compatibilityVersion = "Xcode 14.0";
			developmentRegion = en;
			hasScannedForEncodings = 0;
			knownRegions = (
				en,
				Base,
			);
			mainGroup = ECC9BEAD2A5C413B00C8BFB5;
			packageReferences = (
				ECC9BEE72A5D552A00C8BFB5 /* XCRemoteSwiftPackageReference "SnapKit" */,
			);
			productRefGroup = ECC9BEB72A5C413B00C8BFB5 /* Products */;
			projectDirPath = "";
			projectRoot = "";
			targets = (
				ECC9BEB52A5C413B00C8BFB5 /* NetflixApp */,
			);
		};
/* End PBXProject section */

/* Begin PBXResourcesBuildPhase section */
		ECC9BEB42A5C413B00C8BFB5 /* Resources */ = {
			isa = PBXResourcesBuildPhase;
			buildActionMask = 2147483647;
			files = (
				ECC9BEC62A5C413D00C8BFB5 /* LaunchScreen.storyboard in Resources */,
				ECC9BEC32A5C413D00C8BFB5 /* Assets.xcassets in Resources */,
			);
			runOnlyForDeploymentPostprocessing = 0;
		};
/* End PBXResourcesBuildPhase section */

/* Begin PBXSourcesBuildPhase section */
		ECC9BEB22A5C413B00C8BFB5 /* Sources */ = {
			isa = PBXSourcesBuildPhase;
			buildActionMask = 2147483647;
			files = (
				ECC9BED52A5C53D200C8BFB5 /* SearchVC.swift in Sources */,
				ECC9BEBE2A5C413B00C8BFB5 /* MainTabBarVC.swift in Sources */,
				ECC9BEE62A5D50EE00C8BFB5 /* UIView+Ext.swift in Sources */,
				ECC9BEEC2A5DEC4000C8BFB5 /* Constants.swift in Sources */,
				ECC9BEDE2A5C758F00C8BFB5 /* CollectionViewTableViewCell.swift in Sources */,
				ECC9BED12A5C53B900C8BFB5 /* HomeVC.swift in Sources */,
				ECC9BEE02A5C84C800C8BFB5 /* HeroHeaderView.swift in Sources */,
				ECC9BEBA2A5C413B00C8BFB5 /* AppDelegate.swift in Sources */,
				ECC9BED72A5C53E600C8BFB5 /* DownloadsVC.swift in Sources */,
				ECC9BED32A5C53C600C8BFB5 /* UpcomingVC.swift in Sources */,
				ECC9BEBC2A5C413B00C8BFB5 /* SceneDelegate.swift in Sources */,
			);
			runOnlyForDeploymentPostprocessing = 0;
		};
/* End PBXSourcesBuildPhase section */

/* Begin PBXVariantGroup section */
		ECC9BEC42A5C413D00C8BFB5 /* LaunchScreen.storyboard */ = {
			isa = PBXVariantGroup;
			children = (
				ECC9BEC52A5C413D00C8BFB5 /* Base */,
			);
			name = LaunchScreen.storyboard;
			sourceTree = "<group>";
		};
/* End PBXVariantGroup section */

/* Begin XCBuildConfiguration section */
		ECC9BEC82A5C413D00C8BFB5 /* Debug */ = {
			isa = XCBuildConfiguration;
			buildSettings = {
				ALWAYS_SEARCH_USER_PATHS = NO;
				CLANG_ANALYZER_NONNULL = YES;
				CLANG_ANALYZER_NUMBER_OBJECT_CONVERSION = YES_AGGRESSIVE;
				CLANG_CXX_LANGUAGE_STANDARD = "gnu++20";
				CLANG_ENABLE_MODULES = YES;
				CLANG_ENABLE_OBJC_ARC = YES;
				CLANG_ENABLE_OBJC_WEAK = YES;
				CLANG_WARN_BLOCK_CAPTURE_AUTORELEASING = YES;
				CLANG_WARN_BOOL_CONVERSION = YES;
				CLANG_WARN_COMMA = YES;
				CLANG_WARN_CONSTANT_CONVERSION = YES;
				CLANG_WARN_DEPRECATED_OBJC_IMPLEMENTATIONS = YES;
				CLANG_WARN_DIRECT_OBJC_ISA_USAGE = YES_ERROR;
				CLANG_WARN_DOCUMENTATION_COMMENTS = YES;
				CLANG_WARN_EMPTY_BODY = YES;
				CLANG_WARN_ENUM_CONVERSION = YES;
				CLANG_WARN_INFINITE_RECURSION = YES;
				CLANG_WARN_INT_CONVERSION = YES;
				CLANG_WARN_NON_LITERAL_NULL_CONVERSION = YES;
				CLANG_WARN_OBJC_IMPLICIT_RETAIN_SELF = YES;
				CLANG_WARN_OBJC_LITERAL_CONVERSION = YES;
				CLANG_WARN_OBJC_ROOT_CLASS = YES_ERROR;
				CLANG_WARN_QUOTED_INCLUDE_IN_FRAMEWORK_HEADER = YES;
				CLANG_WARN_RANGE_LOOP_ANALYSIS = YES;
				CLANG_WARN_STRICT_PROTOTYPES = YES;
				CLANG_WARN_SUSPICIOUS_MOVE = YES;
				CLANG_WARN_UNGUARDED_AVAILABILITY = YES_AGGRESSIVE;
				CLANG_WARN_UNREACHABLE_CODE = YES;
				CLANG_WARN__DUPLICATE_METHOD_MATCH = YES;
				COPY_PHASE_STRIP = NO;
				DEBUG_INFORMATION_FORMAT = dwarf;
				ENABLE_STRICT_OBJC_MSGSEND = YES;
				ENABLE_TESTABILITY = YES;
				GCC_C_LANGUAGE_STANDARD = gnu11;
				GCC_DYNAMIC_NO_PIC = NO;
				GCC_NO_COMMON_BLOCKS = YES;
				GCC_OPTIMIZATION_LEVEL = 0;
				GCC_PREPROCESSOR_DEFINITIONS = (
					"DEBUG=1",
					"$(inherited)",
				);
				GCC_WARN_64_TO_32_BIT_CONVERSION = YES;
				GCC_WARN_ABOUT_RETURN_TYPE = YES_ERROR;
				GCC_WARN_UNDECLARED_SELECTOR = YES;
				GCC_WARN_UNINITIALIZED_AUTOS = YES_AGGRESSIVE;
				GCC_WARN_UNUSED_FUNCTION = YES;
				GCC_WARN_UNUSED_VARIABLE = YES;
				IPHONEOS_DEPLOYMENT_TARGET = 16.1;
				MTL_ENABLE_DEBUG_INFO = INCLUDE_SOURCE;
				MTL_FAST_MATH = YES;
				ONLY_ACTIVE_ARCH = YES;
				SDKROOT = iphoneos;
				SWIFT_ACTIVE_COMPILATION_CONDITIONS = DEBUG;
				SWIFT_OPTIMIZATION_LEVEL = "-Onone";
			};
			name = Debug;
		};
		ECC9BEC92A5C413D00C8BFB5 /* Release */ = {
			isa = XCBuildConfiguration;
			buildSettings = {
				ALWAYS_SEARCH_USER_PATHS = NO;
				CLANG_ANALYZER_NONNULL = YES;
				CLANG_ANALYZER_NUMBER_OBJECT_CONVERSION = YES_AGGRESSIVE;
				CLANG_CXX_LANGUAGE_STANDARD = "gnu++20";
				CLANG_ENABLE_MODULES = YES;
				CLANG_ENABLE_OBJC_ARC = YES;
				CLANG_ENABLE_OBJC_WEAK = YES;
				CLANG_WARN_BLOCK_CAPTURE_AUTORELEASING = YES;
				CLANG_WARN_BOOL_CONVERSION = YES;
				CLANG_WARN_COMMA = YES;
				CLANG_WARN_CONSTANT_CONVERSION = YES;
				CLANG_WARN_DEPRECATED_OBJC_IMPLEMENTATIONS = YES;
				CLANG_WARN_DIRECT_OBJC_ISA_USAGE = YES_ERROR;
				CLANG_WARN_DOCUMENTATION_COMMENTS = YES;
				CLANG_WARN_EMPTY_BODY = YES;
				CLANG_WARN_ENUM_CONVERSION = YES;
				CLANG_WARN_INFINITE_RECURSION = YES;
				CLANG_WARN_INT_CONVERSION = YES;
				CLANG_WARN_NON_LITERAL_NULL_CONVERSION = YES;
				CLANG_WARN_OBJC_IMPLICIT_RETAIN_SELF = YES;
				CLANG_WARN_OBJC_LITERAL_CONVERSION = YES;
				CLANG_WARN_OBJC_ROOT_CLASS = YES_ERROR;
				CLANG_WARN_QUOTED_INCLUDE_IN_FRAMEWORK_HEADER = YES;
				CLANG_WARN_RANGE_LOOP_ANALYSIS = YES;
				CLANG_WARN_STRICT_PROTOTYPES = YES;
				CLANG_WARN_SUSPICIOUS_MOVE = YES;
				CLANG_WARN_UNGUARDED_AVAILABILITY = YES_AGGRESSIVE;
				CLANG_WARN_UNREACHABLE_CODE = YES;
				CLANG_WARN__DUPLICATE_METHOD_MATCH = YES;
				COPY_PHASE_STRIP = NO;
				DEBUG_INFORMATION_FORMAT = "dwarf-with-dsym";
				ENABLE_NS_ASSERTIONS = NO;
				ENABLE_STRICT_OBJC_MSGSEND = YES;
				GCC_C_LANGUAGE_STANDARD = gnu11;
				GCC_NO_COMMON_BLOCKS = YES;
				GCC_WARN_64_TO_32_BIT_CONVERSION = YES;
				GCC_WARN_ABOUT_RETURN_TYPE = YES_ERROR;
				GCC_WARN_UNDECLARED_SELECTOR = YES;
				GCC_WARN_UNINITIALIZED_AUTOS = YES_AGGRESSIVE;
				GCC_WARN_UNUSED_FUNCTION = YES;
				GCC_WARN_UNUSED_VARIABLE = YES;
				IPHONEOS_DEPLOYMENT_TARGET = 16.1;
				MTL_ENABLE_DEBUG_INFO = NO;
				MTL_FAST_MATH = YES;
				SDKROOT = iphoneos;
				SWIFT_COMPILATION_MODE = wholemodule;
				SWIFT_OPTIMIZATION_LEVEL = "-O";
				VALIDATE_PRODUCT = YES;
			};
			name = Release;
		};
		ECC9BECB2A5C413D00C8BFB5 /* Debug */ = {
			isa = XCBuildConfiguration;
			buildSettings = {
				ASSETCATALOG_COMPILER_APPICON_NAME = AppIcon;
				ASSETCATALOG_COMPILER_GLOBAL_ACCENT_COLOR_NAME = AccentColor;
				CODE_SIGN_STYLE = Automatic;
				CURRENT_PROJECT_VERSION = 1;
				DEVELOPMENT_TEAM = 3KRQW7JR73;
				GENERATE_INFOPLIST_FILE = YES;
				INFOPLIST_FILE = NetflixApp/Support/Info.plist;
				INFOPLIST_KEY_UIApplicationSupportsIndirectInputEvents = YES;
				INFOPLIST_KEY_UILaunchStoryboardName = LaunchScreen;
				INFOPLIST_KEY_UISupportedInterfaceOrientations_iPad = "UIInterfaceOrientationPortrait UIInterfaceOrientationPortraitUpsideDown UIInterfaceOrientationLandscapeLeft UIInterfaceOrientationLandscapeRight";
				INFOPLIST_KEY_UISupportedInterfaceOrientations_iPhone = "UIInterfaceOrientationPortrait UIInterfaceOrientationLandscapeLeft UIInterfaceOrientationLandscapeRight";
				LD_RUNPATH_SEARCH_PATHS = (
					"$(inherited)",
					"@executable_path/Frameworks",
				);
				MARKETING_VERSION = 1.0;
				PRODUCT_BUNDLE_IDENTIFIER = enes.NetflixApp;
				PRODUCT_NAME = "$(TARGET_NAME)";
				SWIFT_EMIT_LOC_STRINGS = YES;
				SWIFT_VERSION = 5.0;
				TARGETED_DEVICE_FAMILY = "1,2";
			};
			name = Debug;
		};
		ECC9BECC2A5C413D00C8BFB5 /* Release */ = {
			isa = XCBuildConfiguration;
			buildSettings = {
				ASSETCATALOG_COMPILER_APPICON_NAME = AppIcon;
				ASSETCATALOG_COMPILER_GLOBAL_ACCENT_COLOR_NAME = AccentColor;
				CODE_SIGN_STYLE = Automatic;
				CURRENT_PROJECT_VERSION = 1;
				DEVELOPMENT_TEAM = 3KRQW7JR73;
				GENERATE_INFOPLIST_FILE = YES;
				INFOPLIST_FILE = NetflixApp/Support/Info.plist;
				INFOPLIST_KEY_UIApplicationSupportsIndirectInputEvents = YES;
				INFOPLIST_KEY_UILaunchStoryboardName = LaunchScreen;
				INFOPLIST_KEY_UISupportedInterfaceOrientations_iPad = "UIInterfaceOrientationPortrait UIInterfaceOrientationPortraitUpsideDown UIInterfaceOrientationLandscapeLeft UIInterfaceOrientationLandscapeRight";
				INFOPLIST_KEY_UISupportedInterfaceOrientations_iPhone = "UIInterfaceOrientationPortrait UIInterfaceOrientationLandscapeLeft UIInterfaceOrientationLandscapeRight";
				LD_RUNPATH_SEARCH_PATHS = (
					"$(inherited)",
					"@executable_path/Frameworks",
				);
				MARKETING_VERSION = 1.0;
				PRODUCT_BUNDLE_IDENTIFIER = enes.NetflixApp;
				PRODUCT_NAME = "$(TARGET_NAME)";
				SWIFT_EMIT_LOC_STRINGS = YES;
				SWIFT_VERSION = 5.0;
				TARGETED_DEVICE_FAMILY = "1,2";
			};
			name = Release;
		};
/* End XCBuildConfiguration section */

/* Begin XCConfigurationList section */
		ECC9BEB12A5C413B00C8BFB5 /* Build configuration list for PBXProject "NetflixApp" */ = {
			isa = XCConfigurationList;
			buildConfigurations = (
				ECC9BEC82A5C413D00C8BFB5 /* Debug */,
				ECC9BEC92A5C413D00C8BFB5 /* Release */,
			);
			defaultConfigurationIsVisible = 0;
			defaultConfigurationName = Release;
		};
		ECC9BECA2A5C413D00C8BFB5 /* Build configuration list for PBXNativeTarget "NetflixApp" */ = {
			isa = XCConfigurationList;
			buildConfigurations = (
				ECC9BECB2A5C413D00C8BFB5 /* Debug */,
				ECC9BECC2A5C413D00C8BFB5 /* Release */,
			);
			defaultConfigurationIsVisible = 0;
			defaultConfigurationName = Release;
		};
/* End XCConfigurationList section */

/* Begin XCRemoteSwiftPackageReference section */
		ECC9BEE72A5D552A00C8BFB5 /* XCRemoteSwiftPackageReference "SnapKit" */ = {
			isa = XCRemoteSwiftPackageReference;
			repositoryURL = "https://github.com/SnapKit/SnapKit.git";
			requirement = {
				kind = upToNextMajorVersion;
				minimumVersion = 5.0.0;
			};
		};
/* End XCRemoteSwiftPackageReference section */

/* Begin XCSwiftPackageProductDependency section */
		ECC9BEE82A5D552A00C8BFB5 /* SnapKit */ = {
			isa = XCSwiftPackageProductDependency;
			package = ECC9BEE72A5D552A00C8BFB5 /* XCRemoteSwiftPackageReference "SnapKit" */;
			productName = SnapKit;
		};
/* End XCSwiftPackageProductDependency section */
	};
	rootObject = ECC9BEAE2A5C413B00C8BFB5 /* Project object */;
}
